
Microsoft Visual Studio Solution File, Format Version 10.00
# Visual Studio 2008
Project("{8BC9CEB8-8B4A-11D0-8D11-00A0C91BC942}") = "charlal1_adt_table", "charlal1_adt_table\charlal1_adt_table.vcproj", "{0CE6AF1A-0E69-4547-98D1-CDE89272BE17}"
EndProject
Global
	GlobalSection(SolutionConfigurationPlatforms) = preSolution
		Debug|Win32 = Debug|Win32
		Release|Win32 = Release|Win32
	EndGlobalSection
	GlobalSection(ProjectConfigurationPlatforms) = postSolution
		{0CE6AF1A-0E69-4547-98D1-CDE89272BE17}.Debug|Win32.ActiveCfg = Debug|Win32
		{0CE6AF1A-0E69-4547-98D1-CDE89272BE17}.Debug|Win32.Build.0 = Debug|Win32
		{0CE6AF1A-0E69-4547-98D1-CDE89272BE17}.Release|Win32.ActiveCfg = Release|Win32
		{0CE6AF1A-0E69-4547-98D1-CDE89272BE17}.Release|Win32.Build.0 = Release|Win32
	EndGlobalSection
	GlobalSection(SolutionProperties) = preSolution
		HideSolutionNode = FALSE
	EndGlobalSection
EndGlobal
