
Microsoft Visual Studio Solution File, Format Version 10.00
# Visual Studio 2008
Project("{8BC9CEB8-8B4A-11D0-8D11-00A0C91BC942}") = "charlal1_linear_data_structures", "charlal1_linear_data_structures\charlal1_linear_data_structures.vcproj", "{B7CB4A2B-DE3B-4F02-882E-EC54F20C107F}"
EndProject
Project("{8BC9CEB8-8B4A-11D0-8D11-00A0C91BC942}") = "UnitTests", "UnitTests\UnitTests.vcproj", "{23E4FFAF-A998-4215-A667-679626F0D1F0}"
EndProject
Project("{2150E333-8FDC-42A3-9474-1A3956D46DE8}") = "Solution Items", "Solution Items", "{9656A206-59F2-4122-AB79-BCFDB71C3D88}"
	ProjectSection(SolutionItems) = preProject
		charlal1_linear_data_structures.vsmdi = charlal1_linear_data_structures.vsmdi
		charlal1_linear_data_structures1.vsmdi = charlal1_linear_data_structures1.vsmdi
		LocalTestRun.testrunconfig = LocalTestRun.testrunconfig
	EndProjectSection
EndProject
Global
	GlobalSection(TestCaseManagementSettings) = postSolution
		CategoryFile = charlal1_linear_data_structures1.vsmdi
	EndGlobalSection
	GlobalSection(SolutionConfigurationPlatforms) = preSolution
		Debug|Win32 = Debug|Win32
		Release|Win32 = Release|Win32
	EndGlobalSection
	GlobalSection(ProjectConfigurationPlatforms) = postSolution
		{B7CB4A2B-DE3B-4F02-882E-EC54F20C107F}.Debug|Win32.ActiveCfg = Debug|Win32
		{B7CB4A2B-DE3B-4F02-882E-EC54F20C107F}.Debug|Win32.Build.0 = Debug|Win32
		{B7CB4A2B-DE3B-4F02-882E-EC54F20C107F}.Release|Win32.ActiveCfg = Release|Win32
		{B7CB4A2B-DE3B-4F02-882E-EC54F20C107F}.Release|Win32.Build.0 = Release|Win32
		{23E4FFAF-A998-4215-A667-679626F0D1F0}.Debug|Win32.ActiveCfg = Debug|Win32
		{23E4FFAF-A998-4215-A667-679626F0D1F0}.Debug|Win32.Build.0 = Debug|Win32
		{23E4FFAF-A998-4215-A667-679626F0D1F0}.Release|Win32.ActiveCfg = Release|Win32
		{23E4FFAF-A998-4215-A667-679626F0D1F0}.Release|Win32.Build.0 = Release|Win32
	EndGlobalSection
	GlobalSection(SolutionProperties) = preSolution
		HideSolutionNode = FALSE
	EndGlobalSection
EndGlobal
